// !$*UTF8*$!
{
	archiveVersion = 1;
	classes = {
	};
	objectVersion = 50;
	objects = {

/* Begin PBXBuildFile section */
		115D857524FB7E8600DBA262 /* AppDelegate.swift in Sources */ = {isa = PBXBuildFile; fileRef = 115D857424FB7E8600DBA262 /* AppDelegate.swift */; };
		115D857724FB7E8600DBA262 /* SceneDelegate.swift in Sources */ = {isa = PBXBuildFile; fileRef = 115D857624FB7E8600DBA262 /* SceneDelegate.swift */; };
		115D857924FB7E8600DBA262 /* ContentView.swift in Sources */ = {isa = PBXBuildFile; fileRef = 115D857824FB7E8600DBA262 /* ContentView.swift */; };
		115D857B24FB7E8700DBA262 /* Assets.xcassets in Resources */ = {isa = PBXBuildFile; fileRef = 115D857A24FB7E8700DBA262 /* Assets.xcassets */; };
		115D857E24FB7E8700DBA262 /* Preview Assets.xcassets in Resources */ = {isa = PBXBuildFile; fileRef = 115D857D24FB7E8700DBA262 /* Preview Assets.xcassets */; };
		115D858124FB7E8700DBA262 /* LaunchScreen.storyboard in Resources */ = {isa = PBXBuildFile; fileRef = 115D857F24FB7E8700DBA262 /* LaunchScreen.storyboard */; };
/* End PBXBuildFile section */

/* Begin PBXFileReference section */
		115D857124FB7E8600DBA262 /* NikeDesign.app */ = {isa = PBXFileReference; explicitFileType = wrapper.application; includeInIndex = 0; path = NikeDesign.app; sourceTree = BUILT_PRODUCTS_DIR; };
		115D857424FB7E8600DBA262 /* AppDelegate.swift */ = {isa = PBXFileReference; lastKnownFileType = sourcecode.swift; path = AppDelegate.swift; sourceTree = "<group>"; };
		115D857624FB7E8600DBA262 /* SceneDelegate.swift */ = {isa = PBXFileReference; lastKnownFileType = sourcecode.swift; path = SceneDelegate.swift; sourceTree = "<group>"; };
		115D857824FB7E8600DBA262 /* ContentView.swift */ = {isa = PBXFileReference; lastKnownFileType = sourcecode.swift; path = ContentView.swift; sourceTree = "<group>"; };
		115D857A24FB7E8700DBA262 /* Assets.xcassets */ = {isa = PBXFileReference; lastKnownFileType = folder.assetcatalog; path = Assets.xcassets; sourceTree = "<group>"; };
		115D857D24FB7E8700DBA262 /* Preview Assets.xcassets */ = {isa = PBXFileReference; lastKnownFileType = folder.assetcatalog; path = "Preview Assets.xcassets"; sourceTree = "<group>"; };
		115D858024FB7E8700DBA262 /* Base */ = {isa = PBXFileReference; lastKnownFileType = file.storyboard; name = Base; path = Base.lproj/LaunchScreen.storyboard; sourceTree = "<group>"; };
		115D858224FB7E8700DBA262 /* Info.plist */ = {isa = PBXFileReference; lastKnownFileType = text.plist.xml; path = Info.plist; sourceTree = "<group>"; };
/* End PBXFileReference section */

/* Begin PBXFrameworksBuildPhase section */
		115D856E24FB7E8600DBA262 /* Frameworks */ = {
			isa = PBXFrameworksBuildPhase;
			buildActionMask = 2147483647;
			files = (
			);
			runOnlyForDeploymentPostprocessing = 0;
		};
/* End PBXFrameworksBuildPhase section */

/* Begin PBXGroup section */
		115D856824FB7E8600DBA262 = {
			isa = PBXGroup;
			children = (
				115D857324FB7E8600DBA262 /* NikeDesign */,
				115D857224FB7E8600DBA262 /* Products */,
			);
			sourceTree = "<group>";
		};
		115D857224FB7E8600DBA262 /* Products */ = {
			isa = PBXGroup;
			children = (
				115D857124FB7E8600DBA262 /* NikeDesign.app */,
			);
			name = Products;
			sourceTree = "<group>";
		};
		115D857324FB7E8600DBA262 /* NikeDesign */ = {
			isa = PBXGroup;
			children = (
				115D857424FB7E8600DBA262 /* AppDelegate.swift */,
				115D857624FB7E8600DBA262 /* SceneDelegate.swift */,
				115D857824FB7E8600DBA262 /* ContentView.swift */,
				115D857A24FB7E8700DBA262 /* Assets.xcassets */,
				115D857F24FB7E8700DBA262 /* LaunchScreen.storyboard */,
				115D858224FB7E8700DBA262 /* Info.plist */,
				115D857C24FB7E8700DBA262 /* Preview Content */,
			);
			path = NikeDesign;
			sourceTree = "<group>";
		};
		115D857C24FB7E8700DBA262 /* Preview Content */ = {
			isa = PBXGroup;
			children = (
				115D857D24FB7E8700DBA262 /* Preview Assets.xcassets */,
			);
			path = "Preview Content";
			sourceTree = "<group>";
		};
/* End PBXGroup section */

/* Begin PBXNativeTarget section */
		115D857024FB7E8600DBA262 /* NikeDesign */ = {
			isa = PBXNativeTarget;
			buildConfigurationList = 115D858524FB7E8700DBA262 /* Build configuration list for PBXNativeTarget "NikeDesign" */;
			buildPhases = (
				115D856D24FB7E8600DBA262 /* Sources */,
				115D856E24FB7E8600DBA262 /* Frameworks */,
				115D856F24FB7E8600DBA262 /* Resources */,
			);
			buildRules = (
			);
			dependencies = (
			);
			name = NikeDesign;
			productName = NikeDesign;
			productReference = 115D857124FB7E8600DBA262 /* NikeDesign.app */;
			productType = "com.apple.product-type.application";
		};
/* End PBXNativeTarget section */

/* Begin PBXProject section */
		115D856924FB7E8600DBA262 /* Project object */ = {
			isa = PBXProject;
			attributes = {
				LastSwiftUpdateCheck = 1160;
				LastUpgradeCheck = 1160;
				ORGANIZATIONNAME = "Ian Solomein";
				TargetAttributes = {
					115D857024FB7E8600DBA262 = {
						CreatedOnToolsVersion = 11.6;
					};
				};
			};
			buildConfigurationList = 115D856C24FB7E8600DBA262 /* Build configuration list for PBXProject "NikeDesign" */;
			compatibilityVersion = "Xcode 9.3";
			developmentRegion = en;
			hasScannedForEncodings = 0;
			knownRegions = (
				en,
				Base,
			);
			mainGroup = 115D856824FB7E8600DBA262;
			productRefGroup = 115D857224FB7E8600DBA262 /* Products */;
			projectDirPath = "";
			projectRoot = "";
			targets = (
				115D857024FB7E8600DBA262 /* NikeDesign */,
			);
		};
/* End PBXProject section */

/* Begin PBXResourcesBuildPhase section */
		115D856F24FB7E8600DBA262 /* Resources */ = {
			isa = PBXResourcesBuildPhase;
			buildActionMask = 2147483647;
			files = (
				115D858124FB7E8700DBA262 /* LaunchScreen.storyboard in Resources */,
				115D857E24FB7E8700DBA262 /* Preview Assets.xcassets in Resources */,
				115D857B24FB7E8700DBA262 /* Assets.xcassets in Resources */,
			);
			runOnlyForDeploymentPostprocessing = 0;
		};
/* End PBXResourcesBuildPhase section */

/* Begin PBXSourcesBuildPhase section */
		115D856D24FB7E8600DBA262 /* Sources */ = {
			isa = PBXSourcesBuildPhase;
			buildActionMask = 2147483647;
			files = (
				115D857524FB7E8600DBA262 /* AppDelegate.swift in Sources */,
				115D857724FB7E8600DBA262 /* SceneDelegate.swift in Sources */,
				115D857924FB7E8600DBA262 /* ContentView.swift in Sources */,
			);
			runOnlyForDeploymentPostprocessing = 0;
		};
/* End PBXSourcesBuildPhase section */

/* Begin PBXVariantGroup section */
		115D857F24FB7E8700DBA262 /* LaunchScreen.storyboard */ = {
			isa = PBXVariantGroup;
			children = (
				115D858024FB7E8700DBA262 /* Base */,
			);
			name = LaunchScreen.storyboard;
			sourceTree = "<group>";
		};
/* End PBXVariantGroup section */

/* Begin XCBuildConfiguration section */
		115D858324FB7E8700DBA262 /* Debug */ = {
			isa = XCBuildConfiguration;
			buildSettings = {
				ALWAYS_SEARCH_USER_PATHS = NO;
				CLANG_ANALYZER_NONNULL = YES;
				CLANG_ANALYZER_NUMBER_OBJECT_CONVERSION = YES_AGGRESSIVE;
				CLANG_CXX_LANGUAGE_STANDARD = "gnu++14";
				CLANG_CXX_LIBRARY = "libc++";
				CLANG_ENABLE_MODULES = YES;
				CLANG_ENABLE_OBJC_ARC = YES;
				CLANG_ENABLE_OBJC_WEAK = YES;
				CLANG_WARN_BLOCK_CAPTURE_AUTORELEASING = YES;
				CLANG_WARN_BOOL_CONVERSION = YES;
				CLANG_WARN_COMMA = YES;
				CLANG_WARN_CONSTANT_CONVERSION = YES;
				CLANG_WARN_DEPRECATED_OBJC_IMPLEMENTATIONS = YES;
				CLANG_WARN_DIRECT_OBJC_ISA_USAGE = YES_ERROR;
				CLANG_WARN_DOCUMENTATION_COMMENTS = YES;
				CLANG_WARN_EMPTY_BODY = YES;
				CLANG_WARN_ENUM_CONVERSION = YES;
				CLANG_WARN_INFINITE_RECURSION = YES;
				CLANG_WARN_INT_CONVERSION = YES;
				CLANG_WARN_NON_LITERAL_NULL_CONVERSION = YES;
				CLANG_WARN_OBJC_IMPLICIT_RETAIN_SELF = YES;
				CLANG_WARN_OBJC_LITERAL_CONVERSION = YES;
				CLANG_WARN_OBJC_ROOT_CLASS = YES_ERROR;
				CLANG_WARN_RANGE_LOOP_ANALYSIS = YES;
				CLANG_WARN_STRICT_PROTOTYPES = YES;
				CLANG_WARN_SUSPICIOUS_MOVE = YES;
				CLANG_WARN_UNGUARDED_AVAILABILITY = YES_AGGRESSIVE;
				CLANG_WARN_UNREACHABLE_CODE = YES;
				CLANG_WARN__DUPLICATE_METHOD_MATCH = YES;
				COPY_PHASE_STRIP = NO;
				DEBUG_INFORMATION_FORMAT = dwarf;
				ENABLE_STRICT_OBJC_MSGSEND = YES;
				ENABLE_TESTABILITY = YES;
				GCC_C_LANGUAGE_STANDARD = gnu11;
				GCC_DYNAMIC_NO_PIC = NO;
				GCC_NO_COMMON_BLOCKS = YES;
				GCC_OPTIMIZATION_LEVEL = 0;
				GCC_PREPROCESSOR_DEFINITIONS = (
					"DEBUG=1",
					"$(inherited)",
				);
				GCC_WARN_64_TO_32_BIT_CONVERSION = YES;
				GCC_WARN_ABOUT_RETURN_TYPE = YES_ERROR;
				GCC_WARN_UNDECLARED_SELECTOR = YES;
				GCC_WARN_UNINITIALIZED_AUTOS = YES_AGGRESSIVE;
				GCC_WARN_UNUSED_FUNCTION = YES;
				GCC_WARN_UNUSED_VARIABLE = YES;
				IPHONEOS_DEPLOYMENT_TARGET = 13.6;
				MTL_ENABLE_DEBUG_INFO = INCLUDE_SOURCE;
				MTL_FAST_MATH = YES;
				ONLY_ACTIVE_ARCH = YES;
				SDKROOT = iphoneos;
				SWIFT_ACTIVE_COMPILATION_CONDITIONS = DEBUG;
				SWIFT_OPTIMIZATION_LEVEL = "-Onone";
			};
			name = Debug;
		};
		115D858424FB7E8700DBA262 /* Release */ = {
			isa = XCBuildConfiguration;
			buildSettings = {
				ALWAYS_SEARCH_USER_PATHS = NO;
				CLANG_ANALYZER_NONNULL = YES;
				CLANG_ANALYZER_NUMBER_OBJECT_CONVERSION = YES_AGGRESSIVE;
				CLANG_CXX_LANGUAGE_STANDARD = "gnu++14";
				CLANG_CXX_LIBRARY = "libc++";
				CLANG_ENABLE_MODULES = YES;
				CLANG_ENABLE_OBJC_ARC = YES;
				CLANG_ENABLE_OBJC_WEAK = YES;
				CLANG_WARN_BLOCK_CAPTURE_AUTORELEASING = YES;
				CLANG_WARN_BOOL_CONVERSION = YES;
				CLANG_WARN_COMMA = YES;
				CLANG_WARN_CONSTANT_CONVERSION = YES;
				CLANG_WARN_DEPRECATED_OBJC_IMPLEMENTATIONS = YES;
				CLANG_WARN_DIRECT_OBJC_ISA_USAGE = YES_ERROR;
				CLANG_WARN_DOCUMENTATION_COMMENTS = YES;
				CLANG_WARN_EMPTY_BODY = YES;
				CLANG_WARN_ENUM_CONVERSION = YES;
				CLANG_WARN_INFINITE_RECURSION = YES;
				CLANG_WARN_INT_CONVERSION = YES;
				CLANG_WARN_NON_LITERAL_NULL_CONVERSION = YES;
				CLANG_WARN_OBJC_IMPLICIT_RETAIN_SELF = YES;
				CLANG_WARN_OBJC_LITERAL_CONVERSION = YES;
				CLANG_WARN_OBJC_ROOT_CLASS = YES_ERROR;
				CLANG_WARN_RANGE_LOOP_ANALYSIS = YES;
				CLANG_WARN_STRICT_PROTOTYPES = YES;
				CLANG_WARN_SUSPICIOUS_MOVE = YES;
				CLANG_WARN_UNGUARDED_AVAILABILITY = YES_AGGRESSIVE;
				CLANG_WARN_UNREACHABLE_CODE = YES;
				CLANG_WARN__DUPLICATE_METHOD_MATCH = YES;
				COPY_PHASE_STRIP = NO;
				DEBUG_INFORMATION_FORMAT = "dwarf-with-dsym";
				ENABLE_NS_ASSERTIONS = NO;
				ENABLE_STRICT_OBJC_MSGSEND = YES;
				GCC_C_LANGUAGE_STANDARD = gnu11;
				GCC_NO_COMMON_BLOCKS = YES;
				GCC_WARN_64_TO_32_BIT_CONVERSION = YES;
				GCC_WARN_ABOUT_RETURN_TYPE = YES_ERROR;
				GCC_WARN_UNDECLARED_SELECTOR = YES;
				GCC_WARN_UNINITIALIZED_AUTOS = YES_AGGRESSIVE;
				GCC_WARN_UNUSED_FUNCTION = YES;
				GCC_WARN_UNUSED_VARIABLE = YES;
				IPHONEOS_DEPLOYMENT_TARGET = 13.6;
				MTL_ENABLE_DEBUG_INFO = NO;
				MTL_FAST_MATH = YES;
				SDKROOT = iphoneos;
				SWIFT_COMPILATION_MODE = wholemodule;
				SWIFT_OPTIMIZATION_LEVEL = "-O";
				VALIDATE_PRODUCT = YES;
			};
			name = Release;
		};
		115D858624FB7E8700DBA262 /* Debug */ = {
			isa = XCBuildConfiguration;
			buildSettings = {
				ASSETCATALOG_COMPILER_APPICON_NAME = AppIcon;
				CODE_SIGN_STYLE = Automatic;
				DEVELOPMENT_ASSET_PATHS = "\"NikeDesign/Preview Content\"";
				DEVELOPMENT_TEAM = MR66HCU3F5;
				ENABLE_PREVIEWS = YES;
				INFOPLIST_FILE = NikeDesign/Info.plist;
				LD_RUNPATH_SEARCH_PATHS = (
					"$(inherited)",
					"@executable_path/Frameworks",
				);
				PRODUCT_BUNDLE_IDENTIFIER = com.iansolomein.NikeDesign;
				PRODUCT_NAME = "$(TARGET_NAME)";
				SWIFT_VERSION = 5.0;
				TARGETED_DEVICE_FAMILY = "1,2";
			};
			name = Debug;
		};
		115D858724FB7E8700DBA262 /* Release */ = {
			isa = XCBuildConfiguration;
			buildSettings = {
				ASSETCATALOG_COMPILER_APPICON_NAME = AppIcon;
				CODE_SIGN_STYLE = Automatic;
				DEVELOPMENT_ASSET_PATHS = "\"NikeDesign/Preview Content\"";
				DEVELOPMENT_TEAM = MR66HCU3F5;
				ENABLE_PREVIEWS = YES;
				INFOPLIST_FILE = NikeDesign/Info.plist;
				LD_RUNPATH_SEARCH_PATHS = (
					"$(inherited)",
					"@executable_path/Frameworks",
				);
				PRODUCT_BUNDLE_IDENTIFIER = com.iansolomein.NikeDesign;
				PRODUCT_NAME = "$(TARGET_NAME)";
				SWIFT_VERSION = 5.0;
				TARGETED_DEVICE_FAMILY = "1,2";
			};
			name = Release;
		};
/* End XCBuildConfiguration section */

/* Begin XCConfigurationList section */
		115D856C24FB7E8600DBA262 /* Build configuration list for PBXProject "NikeDesign" */ = {
			isa = XCConfigurationList;
			buildConfigurations = (
				115D858324FB7E8700DBA262 /* Debug */,
				115D858424FB7E8700DBA262 /* Release */,
			);
			defaultConfigurationIsVisible = 0;
			defaultConfigurationName = Release;
		};
		115D858524FB7E8700DBA262 /* Build configuration list for PBXNativeTarget "NikeDesign" */ = {
			isa = XCConfigurationList;
			buildConfigurations = (
				115D858624FB7E8700DBA262 /* Debug */,
				115D858724FB7E8700DBA262 /* Release */,
			);
			defaultConfigurationIsVisible = 0;
			defaultConfigurationName = Release;
		};
/* End XCConfigurationList section */
	};
	rootObject = 115D856924FB7E8600DBA262 /* Project object */;
}
